
Microsoft Visual Studio Solution File, Format Version 12.00
# Visual Studio Version 17
VisualStudioVersion = 17.7.34031.279
MinimumVisualStudioVersion = 10.0.40219.1
Project("{FAE04EC0-301F-11D3-BF4B-00C04F79EFBC}") = "Launcher", "Launcher\Launcher.csproj", "{1D842E8E-5331-4F50-90E3-4E194A139537}"
EndProject
Project("{FAE04EC0-301F-11D3-BF4B-00C04F79EFBC}") = "ClassLib", "ClassLib\ClassLib.csproj", "{7E332462-AF6E-4E2A-8F2C-96A74F66347B}"
EndProject
Project("{FAE04EC0-301F-11D3-BF4B-00C04F79EFBC}") = "UnitTests", "UnitTests\UnitTests.csproj", "{17D21017-301F-4893-8FA5-C6713D07A10E}"
EndProject
Global
	GlobalSection(SolutionConfigurationPlatforms) = preSolution
		Debug|Any CPU = Debug|Any CPU
		Release|Any CPU = Release|Any CPU
	EndGlobalSection
	GlobalSection(ProjectConfigurationPlatforms) = postSolution
		{1D842E8E-5331-4F50-90E3-4E194A139537}.Debug|Any CPU.ActiveCfg = Debug|Any CPU
		{1D842E8E-5331-4F50-90E3-4E194A139537}.Debug|Any CPU.Build.0 = Debug|Any CPU
		{1D842E8E-5331-4F50-90E3-4E194A139537}.Release|Any CPU.ActiveCfg = Release|Any CPU
		{1D842E8E-5331-4F50-90E3-4E194A139537}.Release|Any CPU.Build.0 = Release|Any CPU
		{7E332462-AF6E-4E2A-8F2C-96A74F66347B}.Debug|Any CPU.ActiveCfg = Debug|Any CPU
		{7E332462-AF6E-4E2A-8F2C-96A74F66347B}.Debug|Any CPU.Build.0 = Debug|Any CPU
		{7E332462-AF6E-4E2A-8F2C-96A74F66347B}.Release|Any CPU.ActiveCfg = Release|Any CPU
		{7E332462-AF6E-4E2A-8F2C-96A74F66347B}.Release|Any CPU.Build.0 = Release|Any CPU
		{17D21017-301F-4893-8FA5-C6713D07A10E}.Debug|Any CPU.ActiveCfg = Debug|Any CPU
		{17D21017-301F-4893-8FA5-C6713D07A10E}.Debug|Any CPU.Build.0 = Debug|Any CPU
		{17D21017-301F-4893-8FA5-C6713D07A10E}.Release|Any CPU.ActiveCfg = Release|Any CPU
		{17D21017-301F-4893-8FA5-C6713D07A10E}.Release|Any CPU.Build.0 = Release|Any CPU
	EndGlobalSection
	GlobalSection(SolutionProperties) = preSolution
		HideSolutionNode = FALSE
	EndGlobalSection
	GlobalSection(ExtensibilityGlobals) = postSolution
		SolutionGuid = {DF159B08-F5BB-4E44-B59B-0B523302552F}
	EndGlobalSection
EndGlobal
